
Microsoft Visual Studio Solution File, Format Version 12.00
# Visual Studio Version 16
VisualStudioVersion = 16.0.30517.126
MinimumVisualStudioVersion = 10.0.40219.1
Project("{FAE04EC0-301F-11D3-BF4B-00C04F79EFBC}") = "jokenpo-api", "jokenpo-api.csproj", "{B15045B0-3284-404D-ACE5-055E3BA93E7D}"
EndProject
Global
	GlobalSection(SolutionConfigurationPlatforms) = preSolution
		Debug|Any CPU = Debug|Any CPU
		Release|Any CPU = Release|Any CPU
	EndGlobalSection
	GlobalSection(ProjectConfigurationPlatforms) = postSolution
		{B15045B0-3284-404D-ACE5-055E3BA93E7D}.Debug|Any CPU.ActiveCfg = Debug|Any CPU
		{B15045B0-3284-404D-ACE5-055E3BA93E7D}.Debug|Any CPU.Build.0 = Debug|Any CPU
		{B15045B0-3284-404D-ACE5-055E3BA93E7D}.Release|Any CPU.ActiveCfg = Release|Any CPU
		{B15045B0-3284-404D-ACE5-055E3BA93E7D}.Release|Any CPU.Build.0 = Release|Any CPU
	EndGlobalSection
	GlobalSection(SolutionProperties) = preSolution
		HideSolutionNode = FALSE
	EndGlobalSection
	GlobalSection(ExtensibilityGlobals) = postSolution
		SolutionGuid = {DA82DAAB-6A9A-4FA3-A541-E776254CE48C}
	EndGlobalSection
EndGlobal
